{
  "requires": true,
  "lockfileVersion": 1,
  "dependencies": {
    "oimo": {
      "version": "1.0.9",
      "resolved": "https://registry.npmjs.org/oimo/-/oimo-1.0.9.tgz",
      "integrity": "sha1-C1kuNhx5kQP9sE+zvhJkJF72iEs="
    },
    "xmlhttprequest": {
      "version": "1.8.0",
      "resolved": "https://registry.npmjs.org/xmlhttprequest/-/xmlhttprequest-1.8.0.tgz",
      "integrity": "sha1-Z/4HXFwk/vOfnWX197f+dRcZaPw="
    }
  }
}
